PODS:
  - PLPageViewController (0.1.2):
    - SnapKit
  - SnapKit (4.2.0)

DEPENDENCIES:
  - PLPageViewController (from `../`)
  - SnapKit (= 4.2.0)

SPEC REPOS:
  https://github.com/CocoaPods/Specs.git:
    - SnapKit

EXTERNAL SOURCES:
  PLPageViewController:
    :path: "../"

SPEC CHECKSUMS:
  PLPageViewController: c32ddf9c1882d0df9a5240d021fcd89293937606
  SnapKit: fe8a619752f3f27075cc9a90244d75c6c3f27e2a

PODFILE CHECKSUM: e9d594cb38a5a3347a56436d953fa27df678d109

COCOAPODS: 1.8.4
